
Microsoft Visual Studio Solution File, Format Version 12.00
# Visual Studio Version 17
VisualStudioVersion = 17.7.34031.279
MinimumVisualStudioVersion = 10.0.40219.1
Project("{9A19103F-16F7-4668-BE54-9A1E7A4F7556}") = "API", "API\API.csproj", "{E5AD04EE-515D-4CB2-A248-A4D9A445B2E9}"
EndProject
Project("{9A19103F-16F7-4668-BE54-9A1E7A4F7556}") = "EF", "EF\EF.csproj", "{6D24D241-E696-4158-8D67-40C99472333E}"
EndProject
Project("{9A19103F-16F7-4668-BE54-9A1E7A4F7556}") = "Domain", "Domain\Domain.csproj", "{FC6BE528-EEFD-4FDA-9365-AB1637265675}"
EndProject
Project("{9A19103F-16F7-4668-BE54-9A1E7A4F7556}") = "Services.Configurator", "Services.Configurator\Services.Configurator.csproj", "{94FE6B02-9B8A-47AB-A47D-8C007DF12CC9}"
EndProject
Project("{9A19103F-16F7-4668-BE54-9A1E7A4F7556}") = "Services", "Services\Services.csproj", "{37613ACB-0F68-47A4-AA7C-E1734786E217}"
EndProject
Project("{9A19103F-16F7-4668-BE54-9A1E7A4F7556}") = "Tools", "Tools\Tools.csproj", "{7A4BE372-05DC-4BCD-8671-E54B4B74DECE}"
EndProject
Project("{9A19103F-16F7-4668-BE54-9A1E7A4F7556}") = "Run", "Run\Run.csproj", "{E54DF3F8-A180-4903-BE2E-F48D9C166EAE}"
EndProject
Global
	GlobalSection(SolutionConfigurationPlatforms) = preSolution
		Debug|Any CPU = Debug|Any CPU
		Release|Any CPU = Release|Any CPU
	EndGlobalSection
	GlobalSection(ProjectConfigurationPlatforms) = postSolution
		{E5AD04EE-515D-4CB2-A248-A4D9A445B2E9}.Debug|Any CPU.ActiveCfg = Debug|Any CPU
		{E5AD04EE-515D-4CB2-A248-A4D9A445B2E9}.Debug|Any CPU.Build.0 = Debug|Any CPU
		{E5AD04EE-515D-4CB2-A248-A4D9A445B2E9}.Release|Any CPU.ActiveCfg = Release|Any CPU
		{E5AD04EE-515D-4CB2-A248-A4D9A445B2E9}.Release|Any CPU.Build.0 = Release|Any CPU
		{6D24D241-E696-4158-8D67-40C99472333E}.Debug|Any CPU.ActiveCfg = Debug|Any CPU
		{6D24D241-E696-4158-8D67-40C99472333E}.Debug|Any CPU.Build.0 = Debug|Any CPU
		{6D24D241-E696-4158-8D67-40C99472333E}.Release|Any CPU.ActiveCfg = Release|Any CPU
		{6D24D241-E696-4158-8D67-40C99472333E}.Release|Any CPU.Build.0 = Release|Any CPU
		{FC6BE528-EEFD-4FDA-9365-AB1637265675}.Debug|Any CPU.ActiveCfg = Debug|Any CPU
		{FC6BE528-EEFD-4FDA-9365-AB1637265675}.Debug|Any CPU.Build.0 = Debug|Any CPU
		{FC6BE528-EEFD-4FDA-9365-AB1637265675}.Release|Any CPU.ActiveCfg = Release|Any CPU
		{FC6BE528-EEFD-4FDA-9365-AB1637265675}.Release|Any CPU.Build.0 = Release|Any CPU
		{94FE6B02-9B8A-47AB-A47D-8C007DF12CC9}.Debug|Any CPU.ActiveCfg = Debug|Any CPU
		{94FE6B02-9B8A-47AB-A47D-8C007DF12CC9}.Debug|Any CPU.Build.0 = Debug|Any CPU
		{94FE6B02-9B8A-47AB-A47D-8C007DF12CC9}.Release|Any CPU.ActiveCfg = Release|Any CPU
		{94FE6B02-9B8A-47AB-A47D-8C007DF12CC9}.Release|Any CPU.Build.0 = Release|Any CPU
		{37613ACB-0F68-47A4-AA7C-E1734786E217}.Debug|Any CPU.ActiveCfg = Debug|Any CPU
		{37613ACB-0F68-47A4-AA7C-E1734786E217}.Debug|Any CPU.Build.0 = Debug|Any CPU
		{37613ACB-0F68-47A4-AA7C-E1734786E217}.Release|Any CPU.ActiveCfg = Release|Any CPU
		{37613ACB-0F68-47A4-AA7C-E1734786E217}.Release|Any CPU.Build.0 = Release|Any CPU
		{7A4BE372-05DC-4BCD-8671-E54B4B74DECE}.Debug|Any CPU.ActiveCfg = Debug|Any CPU
		{7A4BE372-05DC-4BCD-8671-E54B4B74DECE}.Debug|Any CPU.Build.0 = Debug|Any CPU
		{7A4BE372-05DC-4BCD-8671-E54B4B74DECE}.Release|Any CPU.ActiveCfg = Release|Any CPU
		{7A4BE372-05DC-4BCD-8671-E54B4B74DECE}.Release|Any CPU.Build.0 = Release|Any CPU
		{E54DF3F8-A180-4903-BE2E-F48D9C166EAE}.Debug|Any CPU.ActiveCfg = Debug|Any CPU
		{E54DF3F8-A180-4903-BE2E-F48D9C166EAE}.Debug|Any CPU.Build.0 = Debug|Any CPU
		{E54DF3F8-A180-4903-BE2E-F48D9C166EAE}.Release|Any CPU.ActiveCfg = Release|Any CPU
		{E54DF3F8-A180-4903-BE2E-F48D9C166EAE}.Release|Any CPU.Build.0 = Release|Any CPU
	EndGlobalSection
	GlobalSection(SolutionProperties) = preSolution
		HideSolutionNode = FALSE
	EndGlobalSection
	GlobalSection(ExtensibilityGlobals) = postSolution
		SolutionGuid = {279DA97A-AD6E-44DA-AFBE-443BD1954D33}
	EndGlobalSection
EndGlobal
